
Microsoft Visual Studio Solution File, Format Version 12.00
# Visual Studio 15
VisualStudioVersion = 15.0.28010.2016
MinimumVisualStudioVersion = 10.0.40219.1
Project("{FAE04EC0-301F-11D3-BF4B-00C04F79EFBC}") = "UsingForeignDLL", "UsingForeignDLL.csproj", "{341D1B73-D73A-4661-A356-73F6646374CA}"
EndProject
Global
	GlobalSection(SolutionConfigurationPlatforms) = preSolution
		Debug|Any CPU = Debug|Any CPU
		Release|Any CPU = Release|Any CPU
	EndGlobalSection
	GlobalSection(ProjectConfigurationPlatforms) = postSolution
		{341D1B73-D73A-4661-A356-73F6646374CA}.Debug|Any CPU.ActiveCfg = Debug|Any CPU
		{341D1B73-D73A-4661-A356-73F6646374CA}.Debug|Any CPU.Build.0 = Debug|Any CPU
		{341D1B73-D73A-4661-A356-73F6646374CA}.Release|Any CPU.ActiveCfg = Release|Any CPU
		{341D1B73-D73A-4661-A356-73F6646374CA}.Release|Any CPU.Build.0 = Release|Any CPU
	EndGlobalSection
	GlobalSection(SolutionProperties) = preSolution
		HideSolutionNode = FALSE
	EndGlobalSection
	GlobalSection(ExtensibilityGlobals) = postSolution
		SolutionGuid = {3F950178-4D12-4619-AAD5-161174C03B02}
	EndGlobalSection
EndGlobal
